
Microsoft Visual Studio Solution File, Format Version 12.00
# Visual Studio Version 17
VisualStudioVersion = 17.13.35806.99 d17.13
MinimumVisualStudioVersion = 10.0.40219.1
Project("{FAE04EC0-301F-11D3-BF4B-00C04F79EFBC}") = "Lab1task2", "Lab1task2.csproj", "{A6787769-2571-42B8-AB22-E881F912746C}"
EndProject
Global
	GlobalSection(SolutionConfigurationPlatforms) = preSolution
		Debug|Any CPU = Debug|Any CPU
		Release|Any CPU = Release|Any CPU
	EndGlobalSection
	GlobalSection(ProjectConfigurationPlatforms) = postSolution
		{A6787769-2571-42B8-AB22-E881F912746C}.Debug|Any CPU.ActiveCfg = Debug|Any CPU
		{A6787769-2571-42B8-AB22-E881F912746C}.Debug|Any CPU.Build.0 = Debug|Any CPU
		{A6787769-2571-42B8-AB22-E881F912746C}.Release|Any CPU.ActiveCfg = Release|Any CPU
		{A6787769-2571-42B8-AB22-E881F912746C}.Release|Any CPU.Build.0 = Release|Any CPU
	EndGlobalSection
	GlobalSection(SolutionProperties) = preSolution
		HideSolutionNode = FALSE
	EndGlobalSection
	GlobalSection(ExtensibilityGlobals) = postSolution
		SolutionGuid = {555FCAAD-3567-4215-93E4-FE0F24EFE002}
	EndGlobalSection
EndGlobal
